// !$*UTF8*$!
{
	archiveVersion = 1;
	classes = {
	};
	objectVersion = 50;
	objects = {

/* Begin PBXBuildFile section */
		589C5C15268F117B007EB387 /* AppDelegate.swift in Sources */ = {isa = PBXBuildFile; fileRef = 589C5C14268F117B007EB387 /* AppDelegate.swift */; };
		589C5C17268F117B007EB387 /* SceneDelegate.swift in Sources */ = {isa = PBXBuildFile; fileRef = 589C5C16268F117B007EB387 /* SceneDelegate.swift */; };
		589C5C19268F117B007EB387 /* ViewController.swift in Sources */ = {isa = PBXBuildFile; fileRef = 589C5C18268F117B007EB387 /* ViewController.swift */; };
		589C5C1C268F117B007EB387 /* Main.storyboard in Resources */ = {isa = PBXBuildFile; fileRef = 589C5C1A268F117B007EB387 /* Main.storyboard */; };
		589C5C1E268F117D007EB387 /* Assets.xcassets in Resources */ = {isa = PBXBuildFile; fileRef = 589C5C1D268F117D007EB387 /* Assets.xcassets */; };
		589C5C21268F117D007EB387 /* LaunchScreen.storyboard in Resources */ = {isa = PBXBuildFile; fileRef = 589C5C1F268F117D007EB387 /* LaunchScreen.storyboard */; };
		589C5C2C268F117D007EB387 /* PopularMovieTests.swift in Sources */ = {isa = PBXBuildFile; fileRef = 589C5C2B268F117D007EB387 /* PopularMovieTests.swift */; };
		589C5C37268F117D007EB387 /* PopularMovieUITests.swift in Sources */ = {isa = PBXBuildFile; fileRef = 589C5C36268F117D007EB387 /* PopularMovieUITests.swift */; };
/* End PBXBuildFile section */

/* Begin PBXContainerItemProxy section */
		589C5C28268F117D007EB387 /* PBXContainerItemProxy */ = {
			isa = PBXContainerItemProxy;
			containerPortal = 589C5C09268F117B007EB387 /* Project object */;
			proxyType = 1;
			remoteGlobalIDString = 589C5C10268F117B007EB387;
			remoteInfo = PopularMovie;
		};
		589C5C33268F117D007EB387 /* PBXContainerItemProxy */ = {
			isa = PBXContainerItemProxy;
			containerPortal = 589C5C09268F117B007EB387 /* Project object */;
			proxyType = 1;
			remoteGlobalIDString = 589C5C10268F117B007EB387;
			remoteInfo = PopularMovie;
		};
/* End PBXContainerItemProxy section */

/* Begin PBXFileReference section */
		589C5C11268F117B007EB387 /* PopularMovie.app */ = {isa = PBXFileReference; explicitFileType = wrapper.application; includeInIndex = 0; path = PopularMovie.app; sourceTree = BUILT_PRODUCTS_DIR; };
		589C5C14268F117B007EB387 /* AppDelegate.swift */ = {isa = PBXFileReference; lastKnownFileType = sourcecode.swift; path = AppDelegate.swift; sourceTree = "<group>"; };
		589C5C16268F117B007EB387 /* SceneDelegate.swift */ = {isa = PBXFileReference; lastKnownFileType = sourcecode.swift; path = SceneDelegate.swift; sourceTree = "<group>"; };
		589C5C18268F117B007EB387 /* ViewController.swift */ = {isa = PBXFileReference; lastKnownFileType = sourcecode.swift; path = ViewController.swift; sourceTree = "<group>"; };
		589C5C1B268F117B007EB387 /* Base */ = {isa = PBXFileReference; lastKnownFileType = file.storyboard; name = Base; path = Base.lproj/Main.storyboard; sourceTree = "<group>"; };
		589C5C1D268F117D007EB387 /* Assets.xcassets */ = {isa = PBXFileReference; lastKnownFileType = folder.assetcatalog; path = Assets.xcassets; sourceTree = "<group>"; };
		589C5C20268F117D007EB387 /* Base */ = {isa = PBXFileReference; lastKnownFileType = file.storyboard; name = Base; path = Base.lproj/LaunchScreen.storyboard; sourceTree = "<group>"; };
		589C5C22268F117D007EB387 /* Info.plist */ = {isa = PBXFileReference; lastKnownFileType = text.plist.xml; path = Info.plist; sourceTree = "<group>"; };
		589C5C27268F117D007EB387 /* PopularMovieTests.xctest */ = {isa = PBXFileReference; explicitFileType = wrapper.cfbundle; includeInIndex = 0; path = PopularMovieTests.xctest; sourceTree = BUILT_PRODUCTS_DIR; };
		589C5C2B268F117D007EB387 /* PopularMovieTests.swift */ = {isa = PBXFileReference; lastKnownFileType = sourcecode.swift; path = PopularMovieTests.swift; sourceTree = "<group>"; };
		589C5C2D268F117D007EB387 /* Info.plist */ = {isa = PBXFileReference; lastKnownFileType = text.plist.xml; path = Info.plist; sourceTree = "<group>"; };
		589C5C32268F117D007EB387 /* PopularMovieUITests.xctest */ = {isa = PBXFileReference; explicitFileType = wrapper.cfbundle; includeInIndex = 0; path = PopularMovieUITests.xctest; sourceTree = BUILT_PRODUCTS_DIR; };
		589C5C36268F117D007EB387 /* PopularMovieUITests.swift */ = {isa = PBXFileReference; lastKnownFileType = sourcecode.swift; path = PopularMovieUITests.swift; sourceTree = "<group>"; };
		589C5C38268F117D007EB387 /* Info.plist */ = {isa = PBXFileReference; lastKnownFileType = text.plist.xml; path = Info.plist; sourceTree = "<group>"; };
/* End PBXFileReference section */

/* Begin PBXFrameworksBuildPhase section */
		589C5C0E268F117B007EB387 /* Frameworks */ = {
			isa = PBXFrameworksBuildPhase;
			buildActionMask = 2147483647;
			files = (
			);
			runOnlyForDeploymentPostprocessing = 0;
		};
		589C5C24268F117D007EB387 /* Frameworks */ = {
			isa = PBXFrameworksBuildPhase;
			buildActionMask = 2147483647;
			files = (
			);
			runOnlyForDeploymentPostprocessing = 0;
		};
		589C5C2F268F117D007EB387 /* Frameworks */ = {
			isa = PBXFrameworksBuildPhase;
			buildActionMask = 2147483647;
			files = (
			);
			runOnlyForDeploymentPostprocessing = 0;
		};
/* End PBXFrameworksBuildPhase section */

/* Begin PBXGroup section */
		589C5C08268F117B007EB387 = {
			isa = PBXGroup;
			children = (
				589C5C13268F117B007EB387 /* PopularMovie */,
				589C5C2A268F117D007EB387 /* PopularMovieTests */,
				589C5C35268F117D007EB387 /* PopularMovieUITests */,
				589C5C12268F117B007EB387 /* Products */,
			);
			sourceTree = "<group>";
		};
		589C5C12268F117B007EB387 /* Products */ = {
			isa = PBXGroup;
			children = (
				589C5C11268F117B007EB387 /* PopularMovie.app */,
				589C5C27268F117D007EB387 /* PopularMovieTests.xctest */,
				589C5C32268F117D007EB387 /* PopularMovieUITests.xctest */,
			);
			name = Products;
			sourceTree = "<group>";
		};
		589C5C13268F117B007EB387 /* PopularMovie */ = {
			isa = PBXGroup;
			children = (
				589C5C14268F117B007EB387 /* AppDelegate.swift */,
				589C5C16268F117B007EB387 /* SceneDelegate.swift */,
				589C5C18268F117B007EB387 /* ViewController.swift */,
				589C5C1A268F117B007EB387 /* Main.storyboard */,
				589C5C1D268F117D007EB387 /* Assets.xcassets */,
				589C5C1F268F117D007EB387 /* LaunchScreen.storyboard */,
				589C5C22268F117D007EB387 /* Info.plist */,
			);
			path = PopularMovie;
			sourceTree = "<group>";
		};
		589C5C2A268F117D007EB387 /* PopularMovieTests */ = {
			isa = PBXGroup;
			children = (
				589C5C2B268F117D007EB387 /* PopularMovieTests.swift */,
				589C5C2D268F117D007EB387 /* Info.plist */,
			);
			path = PopularMovieTests;
			sourceTree = "<group>";
		};
		589C5C35268F117D007EB387 /* PopularMovieUITests */ = {
			isa = PBXGroup;
			children = (
				589C5C36268F117D007EB387 /* PopularMovieUITests.swift */,
				589C5C38268F117D007EB387 /* Info.plist */,
			);
			path = PopularMovieUITests;
			sourceTree = "<group>";
		};
/* End PBXGroup section */

/* Begin PBXNativeTarget section */
		589C5C10268F117B007EB387 /* PopularMovie */ = {
			isa = PBXNativeTarget;
			buildConfigurationList = 589C5C3B268F117D007EB387 /* Build configuration list for PBXNativeTarget "PopularMovie" */;
			buildPhases = (
				589C5C0D268F117B007EB387 /* Sources */,
				589C5C0E268F117B007EB387 /* Frameworks */,
				589C5C0F268F117B007EB387 /* Resources */,
			);
			buildRules = (
			);
			dependencies = (
			);
			name = PopularMovie;
			productName = PopularMovie;
			productReference = 589C5C11268F117B007EB387 /* PopularMovie.app */;
			productType = "com.apple.product-type.application";
		};
		589C5C26268F117D007EB387 /* PopularMovieTests */ = {
			isa = PBXNativeTarget;
			buildConfigurationList = 589C5C3E268F117D007EB387 /* Build configuration list for PBXNativeTarget "PopularMovieTests" */;
			buildPhases = (
				589C5C23268F117D007EB387 /* Sources */,
				589C5C24268F117D007EB387 /* Frameworks */,
				589C5C25268F117D007EB387 /* Resources */,
			);
			buildRules = (
			);
			dependencies = (
				589C5C29268F117D007EB387 /* PBXTargetDependency */,
			);
			name = PopularMovieTests;
			productName = PopularMovieTests;
			productReference = 589C5C27268F117D007EB387 /* PopularMovieTests.xctest */;
			productType = "com.apple.product-type.bundle.unit-test";
		};
		589C5C31268F117D007EB387 /* PopularMovieUITests */ = {
			isa = PBXNativeTarget;
			buildConfigurationList = 589C5C41268F117D007EB387 /* Build configuration list for PBXNativeTarget "PopularMovieUITests" */;
			buildPhases = (
				589C5C2E268F117D007EB387 /* Sources */,
				589C5C2F268F117D007EB387 /* Frameworks */,
				589C5C30268F117D007EB387 /* Resources */,
			);
			buildRules = (
			);
			dependencies = (
				589C5C34268F117D007EB387 /* PBXTargetDependency */,
			);
			name = PopularMovieUITests;
			productName = PopularMovieUITests;
			productReference = 589C5C32268F117D007EB387 /* PopularMovieUITests.xctest */;
			productType = "com.apple.product-type.bundle.ui-testing";
		};
/* End PBXNativeTarget section */

/* Begin PBXProject section */
		589C5C09268F117B007EB387 /* Project object */ = {
			isa = PBXProject;
			attributes = {
				LastSwiftUpdateCheck = 1250;
				LastUpgradeCheck = 1250;
				TargetAttributes = {
					589C5C10268F117B007EB387 = {
						CreatedOnToolsVersion = 12.5.1;
					};
					589C5C26268F117D007EB387 = {
						CreatedOnToolsVersion = 12.5.1;
						TestTargetID = 589C5C10268F117B007EB387;
					};
					589C5C31268F117D007EB387 = {
						CreatedOnToolsVersion = 12.5.1;
						TestTargetID = 589C5C10268F117B007EB387;
					};
				};
			};
			buildConfigurationList = 589C5C0C268F117B007EB387 /* Build configuration list for PBXProject "PopularMovie" */;
			compatibilityVersion = "Xcode 9.3";
			developmentRegion = en;
			hasScannedForEncodings = 0;
			knownRegions = (
				en,
				Base,
			);
			mainGroup = 589C5C08268F117B007EB387;
			productRefGroup = 589C5C12268F117B007EB387 /* Products */;
			projectDirPath = "";
			projectRoot = "";
			targets = (
				589C5C10268F117B007EB387 /* PopularMovie */,
				589C5C26268F117D007EB387 /* PopularMovieTests */,
				589C5C31268F117D007EB387 /* PopularMovieUITests */,
			);
		};
/* End PBXProject section */

/* Begin PBXResourcesBuildPhase section */
		589C5C0F268F117B007EB387 /* Resources */ = {
			isa = PBXResourcesBuildPhase;
			buildActionMask = 2147483647;
			files = (
				589C5C21268F117D007EB387 /* LaunchScreen.storyboard in Resources */,
				589C5C1E268F117D007EB387 /* Assets.xcassets in Resources */,
				589C5C1C268F117B007EB387 /* Main.storyboard in Resources */,
			);
			runOnlyForDeploymentPostprocessing = 0;
		};
		589C5C25268F117D007EB387 /* Resources */ = {
			isa = PBXResourcesBuildPhase;
			buildActionMask = 2147483647;
			files = (
			);
			runOnlyForDeploymentPostprocessing = 0;
		};
		589C5C30268F117D007EB387 /* Resources */ = {
			isa = PBXResourcesBuildPhase;
			buildActionMask = 2147483647;
			files = (
			);
			runOnlyForDeploymentPostprocessing = 0;
		};
/* End PBXResourcesBuildPhase section */

/* Begin PBXSourcesBuildPhase section */
		589C5C0D268F117B007EB387 /* Sources */ = {
			isa = PBXSourcesBuildPhase;
			buildActionMask = 2147483647;
			files = (
				589C5C19268F117B007EB387 /* ViewController.swift in Sources */,
				589C5C15268F117B007EB387 /* AppDelegate.swift in Sources */,
				589C5C17268F117B007EB387 /* SceneDelegate.swift in Sources */,
			);
			runOnlyForDeploymentPostprocessing = 0;
		};
		589C5C23268F117D007EB387 /* Sources */ = {
			isa = PBXSourcesBuildPhase;
			buildActionMask = 2147483647;
			files = (
				589C5C2C268F117D007EB387 /* PopularMovieTests.swift in Sources */,
			);
			runOnlyForDeploymentPostprocessing = 0;
		};
		589C5C2E268F117D007EB387 /* Sources */ = {
			isa = PBXSourcesBuildPhase;
			buildActionMask = 2147483647;
			files = (
				589C5C37268F117D007EB387 /* PopularMovieUITests.swift in Sources */,
			);
			runOnlyForDeploymentPostprocessing = 0;
		};
/* End PBXSourcesBuildPhase section */

/* Begin PBXTargetDependency section */
		589C5C29268F117D007EB387 /* PBXTargetDependency */ = {
			isa = PBXTargetDependency;
			target = 589C5C10268F117B007EB387 /* PopularMovie */;
			targetProxy = 589C5C28268F117D007EB387 /* PBXContainerItemProxy */;
		};
		589C5C34268F117D007EB387 /* PBXTargetDependency */ = {
			isa = PBXTargetDependency;
			target = 589C5C10268F117B007EB387 /* PopularMovie */;
			targetProxy = 589C5C33268F117D007EB387 /* PBXContainerItemProxy */;
		};
/* End PBXTargetDependency section */

/* Begin PBXVariantGroup section */
		589C5C1A268F117B007EB387 /* Main.storyboard */ = {
			isa = PBXVariantGroup;
			children = (
				589C5C1B268F117B007EB387 /* Base */,
			);
			name = Main.storyboard;
			sourceTree = "<group>";
		};
		589C5C1F268F117D007EB387 /* LaunchScreen.storyboard */ = {
			isa = PBXVariantGroup;
			children = (
				589C5C20268F117D007EB387 /* Base */,
			);
			name = LaunchScreen.storyboard;
			sourceTree = "<group>";
		};
/* End PBXVariantGroup section */

/* Begin XCBuildConfiguration section */
		589C5C39268F117D007EB387 /* Debug */ = {
			isa = XCBuildConfiguration;
			buildSettings = {
				ALWAYS_SEARCH_USER_PATHS = NO;
				CLANG_ANALYZER_NONNULL = YES;
				CLANG_ANALYZER_NUMBER_OBJECT_CONVERSION = YES_AGGRESSIVE;
				CLANG_CXX_LANGUAGE_STANDARD = "gnu++14";
				CLANG_CXX_LIBRARY = "libc++";
				CLANG_ENABLE_MODULES = YES;
				CLANG_ENABLE_OBJC_ARC = YES;
				CLANG_ENABLE_OBJC_WEAK = YES;
				CLANG_WARN_BLOCK_CAPTURE_AUTORELEASING = YES;
				CLANG_WARN_BOOL_CONVERSION = YES;
				CLANG_WARN_COMMA = YES;
				CLANG_WARN_CONSTANT_CONVERSION = YES;
				CLANG_WARN_DEPRECATED_OBJC_IMPLEMENTATIONS = YES;
				CLANG_WARN_DIRECT_OBJC_ISA_USAGE = YES_ERROR;
				CLANG_WARN_DOCUMENTATION_COMMENTS = YES;
				CLANG_WARN_EMPTY_BODY = YES;
				CLANG_WARN_ENUM_CONVERSION = YES;
				CLANG_WARN_INFINITE_RECURSION = YES;
				CLANG_WARN_INT_CONVERSION = YES;
				CLANG_WARN_NON_LITERAL_NULL_CONVERSION = YES;
				CLANG_WARN_OBJC_IMPLICIT_RETAIN_SELF = YES;
				CLANG_WARN_OBJC_LITERAL_CONVERSION = YES;
				CLANG_WARN_OBJC_ROOT_CLASS = YES_ERROR;
				CLANG_WARN_QUOTED_INCLUDE_IN_FRAMEWORK_HEADER = YES;
				CLANG_WARN_RANGE_LOOP_ANALYSIS = YES;
				CLANG_WARN_STRICT_PROTOTYPES = YES;
				CLANG_WARN_SUSPICIOUS_MOVE = YES;
				CLANG_WARN_UNGUARDED_AVAILABILITY = YES_AGGRESSIVE;
				CLANG_WARN_UNREACHABLE_CODE = YES;
				CLANG_WARN__DUPLICATE_METHOD_MATCH = YES;
				COPY_PHASE_STRIP = NO;
				DEBUG_INFORMATION_FORMAT = dwarf;
				ENABLE_STRICT_OBJC_MSGSEND = YES;
				ENABLE_TESTABILITY = YES;
				GCC_C_LANGUAGE_STANDARD = gnu11;
				GCC_DYNAMIC_NO_PIC = NO;
				GCC_NO_COMMON_BLOCKS = YES;
				GCC_OPTIMIZATION_LEVEL = 0;
				GCC_PREPROCESSOR_DEFINITIONS = (
					"DEBUG=1",
					"$(inherited)",
				);
				GCC_WARN_64_TO_32_BIT_CONVERSION = YES;
				GCC_WARN_ABOUT_RETURN_TYPE = YES_ERROR;
				GCC_WARN_UNDECLARED_SELECTOR = YES;
				GCC_WARN_UNINITIALIZED_AUTOS = YES_AGGRESSIVE;
				GCC_WARN_UNUSED_FUNCTION = YES;
				GCC_WARN_UNUSED_VARIABLE = YES;
				IPHONEOS_DEPLOYMENT_TARGET = 14.5;
				MTL_ENABLE_DEBUG_INFO = INCLUDE_SOURCE;
				MTL_FAST_MATH = YES;
				ONLY_ACTIVE_ARCH = YES;
				SDKROOT = iphoneos;
				SWIFT_ACTIVE_COMPILATION_CONDITIONS = DEBUG;
				SWIFT_OPTIMIZATION_LEVEL = "-Onone";
			};
			name = Debug;
		};
		589C5C3A268F117D007EB387 /* Release */ = {
			isa = XCBuildConfiguration;
			buildSettings = {
				ALWAYS_SEARCH_USER_PATHS = NO;
				CLANG_ANALYZER_NONNULL = YES;
				CLANG_ANALYZER_NUMBER_OBJECT_CONVERSION = YES_AGGRESSIVE;
				CLANG_CXX_LANGUAGE_STANDARD = "gnu++14";
				CLANG_CXX_LIBRARY = "libc++";
				CLANG_ENABLE_MODULES = YES;
				CLANG_ENABLE_OBJC_ARC = YES;
				CLANG_ENABLE_OBJC_WEAK = YES;
				CLANG_WARN_BLOCK_CAPTURE_AUTORELEASING = YES;
				CLANG_WARN_BOOL_CONVERSION = YES;
				CLANG_WARN_COMMA = YES;
				CLANG_WARN_CONSTANT_CONVERSION = YES;
				CLANG_WARN_DEPRECATED_OBJC_IMPLEMENTATIONS = YES;
				CLANG_WARN_DIRECT_OBJC_ISA_USAGE = YES_ERROR;
				CLANG_WARN_DOCUMENTATION_COMMENTS = YES;
				CLANG_WARN_EMPTY_BODY = YES;
				CLANG_WARN_ENUM_CONVERSION = YES;
				CLANG_WARN_INFINITE_RECURSION = YES;
				CLANG_WARN_INT_CONVERSION = YES;
				CLANG_WARN_NON_LITERAL_NULL_CONVERSION = YES;
				CLANG_WARN_OBJC_IMPLICIT_RETAIN_SELF = YES;
				CLANG_WARN_OBJC_LITERAL_CONVERSION = YES;
				CLANG_WARN_OBJC_ROOT_CLASS = YES_ERROR;
				CLANG_WARN_QUOTED_INCLUDE_IN_FRAMEWORK_HEADER = YES;
				CLANG_WARN_RANGE_LOOP_ANALYSIS = YES;
				CLANG_WARN_STRICT_PROTOTYPES = YES;
				CLANG_WARN_SUSPICIOUS_MOVE = YES;
				CLANG_WARN_UNGUARDED_AVAILABILITY = YES_AGGRESSIVE;
				CLANG_WARN_UNREACHABLE_CODE = YES;
				CLANG_WARN__DUPLICATE_METHOD_MATCH = YES;
				COPY_PHASE_STRIP = NO;
				DEBUG_INFORMATION_FORMAT = "dwarf-with-dsym";
				ENABLE_NS_ASSERTIONS = NO;
				ENABLE_STRICT_OBJC_MSGSEND = YES;
				GCC_C_LANGUAGE_STANDARD = gnu11;
				GCC_NO_COMMON_BLOCKS = YES;
				GCC_WARN_64_TO_32_BIT_CONVERSION = YES;
				GCC_WARN_ABOUT_RETURN_TYPE = YES_ERROR;
				GCC_WARN_UNDECLARED_SELECTOR = YES;
				GCC_WARN_UNINITIALIZED_AUTOS = YES_AGGRESSIVE;
				GCC_WARN_UNUSED_FUNCTION = YES;
				GCC_WARN_UNUSED_VARIABLE = YES;
				IPHONEOS_DEPLOYMENT_TARGET = 14.5;
				MTL_ENABLE_DEBUG_INFO = NO;
				MTL_FAST_MATH = YES;
				SDKROOT = iphoneos;
				SWIFT_COMPILATION_MODE = wholemodule;
				SWIFT_OPTIMIZATION_LEVEL = "-O";
				VALIDATE_PRODUCT = YES;
			};
			name = Release;
		};
		589C5C3C268F117D007EB387 /* Debug */ = {
			isa = XCBuildConfiguration;
			buildSettings = {
				ASSETCATALOG_COMPILER_APPICON_NAME = AppIcon;
				ASSETCATALOG_COMPILER_GLOBAL_ACCENT_COLOR_NAME = AccentColor;
				CODE_SIGN_STYLE = Automatic;
				DEVELOPMENT_TEAM = 8HC9RCNMQU;
				INFOPLIST_FILE = PopularMovie/Info.plist;
				LD_RUNPATH_SEARCH_PATHS = (
					"$(inherited)",
					"@executable_path/Frameworks",
				);
				PRODUCT_BUNDLE_IDENTIFIER = com.preetipriyam.PopularMovie;
				PRODUCT_NAME = "$(TARGET_NAME)";
				SWIFT_VERSION = 5.0;
				TARGETED_DEVICE_FAMILY = "1,2";
			};
			name = Debug;
		};
		589C5C3D268F117D007EB387 /* Release */ = {
			isa = XCBuildConfiguration;
			buildSettings = {
				ASSETCATALOG_COMPILER_APPICON_NAME = AppIcon;
				ASSETCATALOG_COMPILER_GLOBAL_ACCENT_COLOR_NAME = AccentColor;
				CODE_SIGN_STYLE = Automatic;
				DEVELOPMENT_TEAM = 8HC9RCNMQU;
				INFOPLIST_FILE = PopularMovie/Info.plist;
				LD_RUNPATH_SEARCH_PATHS = (
					"$(inherited)",
					"@executable_path/Frameworks",
				);
				PRODUCT_BUNDLE_IDENTIFIER = com.preetipriyam.PopularMovie;
				PRODUCT_NAME = "$(TARGET_NAME)";
				SWIFT_VERSION = 5.0;
				TARGETED_DEVICE_FAMILY = "1,2";
			};
			name = Release;
		};
		589C5C3F268F117D007EB387 /* Debug */ = {
			isa = XCBuildConfiguration;
			buildSettings = {
				ALWAYS_EMBED_SWIFT_STANDARD_LIBRARIES = YES;
				BUNDLE_LOADER = "$(TEST_HOST)";
				CODE_SIGN_STYLE = Automatic;
				DEVELOPMENT_TEAM = 8HC9RCNMQU;
				INFOPLIST_FILE = PopularMovieTests/Info.plist;
				IPHONEOS_DEPLOYMENT_TARGET = 14.5;
				LD_RUNPATH_SEARCH_PATHS = (
					"$(inherited)",
					"@executable_path/Frameworks",
					"@loader_path/Frameworks",
				);
				PRODUCT_BUNDLE_IDENTIFIER = com.preetipriyam.PopularMovieTests;
				PRODUCT_NAME = "$(TARGET_NAME)";
				SWIFT_VERSION = 5.0;
				TARGETED_DEVICE_FAMILY = "1,2";
				TEST_HOST = "$(BUILT_PRODUCTS_DIR)/PopularMovie.app/PopularMovie";
			};
			name = Debug;
		};
		589C5C40268F117D007EB387 /* Release */ = {
			isa = XCBuildConfiguration;
			buildSettings = {
				ALWAYS_EMBED_SWIFT_STANDARD_LIBRARIES = YES;
				BUNDLE_LOADER = "$(TEST_HOST)";
				CODE_SIGN_STYLE = Automatic;
				DEVELOPMENT_TEAM = 8HC9RCNMQU;
				INFOPLIST_FILE = PopularMovieTests/Info.plist;
				IPHONEOS_DEPLOYMENT_TARGET = 14.5;
				LD_RUNPATH_SEARCH_PATHS = (
					"$(inherited)",
					"@executable_path/Frameworks",
					"@loader_path/Frameworks",
				);
				PRODUCT_BUNDLE_IDENTIFIER = com.preetipriyam.PopularMovieTests;
				PRODUCT_NAME = "$(TARGET_NAME)";
				SWIFT_VERSION = 5.0;
				TARGETED_DEVICE_FAMILY = "1,2";
				TEST_HOST = "$(BUILT_PRODUCTS_DIR)/PopularMovie.app/PopularMovie";
			};
			name = Release;
		};
		589C5C42268F117D007EB387 /* Debug */ = {
			isa = XCBuildConfiguration;
			buildSettings = {
				ALWAYS_EMBED_SWIFT_STANDARD_LIBRARIES = YES;
				CODE_SIGN_STYLE = Automatic;
				DEVELOPMENT_TEAM = 8HC9RCNMQU;
				INFOPLIST_FILE = PopularMovieUITests/Info.plist;
				LD_RUNPATH_SEARCH_PATHS = (
					"$(inherited)",
					"@executable_path/Frameworks",
					"@loader_path/Frameworks",
				);
				PRODUCT_BUNDLE_IDENTIFIER = com.preetipriyam.PopularMovieUITests;
				PRODUCT_NAME = "$(TARGET_NAME)";
				SWIFT_VERSION = 5.0;
				TARGETED_DEVICE_FAMILY = "1,2";
				TEST_TARGET_NAME = PopularMovie;
			};
			name = Debug;
		};
		589C5C43268F117D007EB387 /* Release */ = {
			isa = XCBuildConfiguration;
			buildSettings = {
				ALWAYS_EMBED_SWIFT_STANDARD_LIBRARIES = YES;
				CODE_SIGN_STYLE = Automatic;
				DEVELOPMENT_TEAM = 8HC9RCNMQU;
				INFOPLIST_FILE = PopularMovieUITests/Info.plist;
				LD_RUNPATH_SEARCH_PATHS = (
					"$(inherited)",
					"@executable_path/Frameworks",
					"@loader_path/Frameworks",
				);
				PRODUCT_BUNDLE_IDENTIFIER = com.preetipriyam.PopularMovieUITests;
				PRODUCT_NAME = "$(TARGET_NAME)";
				SWIFT_VERSION = 5.0;
				TARGETED_DEVICE_FAMILY = "1,2";
				TEST_TARGET_NAME = PopularMovie;
			};
			name = Release;
		};
/* End XCBuildConfiguration section */

/* Begin XCConfigurationList section */
		589C5C0C268F117B007EB387 /* Build configuration list for PBXProject "PopularMovie" */ = {
			isa = XCConfigurationList;
			buildConfigurations = (
				589C5C39268F117D007EB387 /* Debug */,
				589C5C3A268F117D007EB387 /* Release */,
			);
			defaultConfigurationIsVisible = 0;
			defaultConfigurationName = Release;
		};
		589C5C3B268F117D007EB387 /* Build configuration list for PBXNativeTarget "PopularMovie" */ = {
			isa = XCConfigurationList;
			buildConfigurations = (
				589C5C3C268F117D007EB387 /* Debug */,
				589C5C3D268F117D007EB387 /* Release */,
			);
			defaultConfigurationIsVisible = 0;
			defaultConfigurationName = Release;
		};
		589C5C3E268F117D007EB387 /* Build configuration list for PBXNativeTarget "PopularMovieTests" */ = {
			isa = XCConfigurationList;
			buildConfigurations = (
				589C5C3F268F117D007EB387 /* Debug */,
				589C5C40268F117D007EB387 /* Release */,
			);
			defaultConfigurationIsVisible = 0;
			defaultConfigurationName = Release;
		};
		589C5C41268F117D007EB387 /* Build configuration list for PBXNativeTarget "PopularMovieUITests" */ = {
			isa = XCConfigurationList;
			buildConfigurations = (
				589C5C42268F117D007EB387 /* Debug */,
				589C5C43268F117D007EB387 /* Release */,
			);
			defaultConfigurationIsVisible = 0;
			defaultConfigurationName = Release;
		};
/* End XCConfigurationList section */
	};
	rootObject = 589C5C09268F117B007EB387 /* Project object */;
}
